// !$*UTF8*$!
{
	archiveVersion = 1;
	classes = {
	};
	objectVersion = 50;
	objects = {

/* Begin PBXBuildFile section */
		42110C2E25B46D9700AE5AEA /* WebService.swift in Sources */ = {isa = PBXBuildFile; fileRef = 42110C2D25B46D9700AE5AEA /* WebService.swift */; };
		4233D8AF25B15AD40060FCCF /* AppDelegate.swift in Sources */ = {isa = PBXBuildFile; fileRef = 4233D8AE25B15AD40060FCCF /* AppDelegate.swift */; };
		4233D8B125B15AD40060FCCF /* SceneDelegate.swift in Sources */ = {isa = PBXBuildFile; fileRef = 4233D8B025B15AD40060FCCF /* SceneDelegate.swift */; };
		4233D8B625B15AD40060FCCF /* Main.storyboard in Resources */ = {isa = PBXBuildFile; fileRef = 4233D8B425B15AD40060FCCF /* Main.storyboard */; };
		4233D8B825B15AD90060FCCF /* Assets.xcassets in Resources */ = {isa = PBXBuildFile; fileRef = 4233D8B725B15AD90060FCCF /* Assets.xcassets */; };
		4233D8BB25B15AD90060FCCF /* LaunchScreen.storyboard in Resources */ = {isa = PBXBuildFile; fileRef = 4233D8B925B15AD90060FCCF /* LaunchScreen.storyboard */; };
		4233D8C825B15C690060FCCF /* OrdersTableViewController.swift in Sources */ = {isa = PBXBuildFile; fileRef = 4233D8C725B15C690060FCCF /* OrdersTableViewController.swift */; };
		4233D8CB25B15C9E0060FCCF /* AddOrderViewController.swift in Sources */ = {isa = PBXBuildFile; fileRef = 4233D8CA25B15C9E0060FCCF /* AddOrderViewController.swift */; };
/* End PBXBuildFile section */

/* Begin PBXFileReference section */
		42110C2D25B46D9700AE5AEA /* WebService.swift */ = {isa = PBXFileReference; lastKnownFileType = sourcecode.swift; path = WebService.swift; sourceTree = "<group>"; };
		4233D8AB25B15AD40060FCCF /* HotCoffee.app */ = {isa = PBXFileReference; explicitFileType = wrapper.application; includeInIndex = 0; path = HotCoffee.app; sourceTree = BUILT_PRODUCTS_DIR; };
		4233D8AE25B15AD40060FCCF /* AppDelegate.swift */ = {isa = PBXFileReference; lastKnownFileType = sourcecode.swift; path = AppDelegate.swift; sourceTree = "<group>"; };
		4233D8B025B15AD40060FCCF /* SceneDelegate.swift */ = {isa = PBXFileReference; lastKnownFileType = sourcecode.swift; path = SceneDelegate.swift; sourceTree = "<group>"; };
		4233D8B525B15AD40060FCCF /* Base */ = {isa = PBXFileReference; lastKnownFileType = file.storyboard; name = Base; path = Base.lproj/Main.storyboard; sourceTree = "<group>"; };
		4233D8B725B15AD90060FCCF /* Assets.xcassets */ = {isa = PBXFileReference; lastKnownFileType = folder.assetcatalog; path = Assets.xcassets; sourceTree = "<group>"; };
		4233D8BA25B15AD90060FCCF /* Base */ = {isa = PBXFileReference; lastKnownFileType = file.storyboard; name = Base; path = Base.lproj/LaunchScreen.storyboard; sourceTree = "<group>"; };
		4233D8BC25B15AD90060FCCF /* Info.plist */ = {isa = PBXFileReference; lastKnownFileType = text.plist.xml; path = Info.plist; sourceTree = "<group>"; };
		4233D8C725B15C690060FCCF /* OrdersTableViewController.swift */ = {isa = PBXFileReference; lastKnownFileType = sourcecode.swift; path = OrdersTableViewController.swift; sourceTree = "<group>"; };
		4233D8CA25B15C9E0060FCCF /* AddOrderViewController.swift */ = {isa = PBXFileReference; lastKnownFileType = sourcecode.swift; path = AddOrderViewController.swift; sourceTree = "<group>"; };
/* End PBXFileReference section */

/* Begin PBXFrameworksBuildPhase section */
		4233D8A825B15AD40060FCCF /* Frameworks */ = {
			isa = PBXFrameworksBuildPhase;
			buildActionMask = 2147483647;
			files = (
			);
			runOnlyForDeploymentPostprocessing = 0;
		};
/* End PBXFrameworksBuildPhase section */

/* Begin PBXGroup section */
		42110C2C25B46D7C00AE5AEA /* Services */ = {
			isa = PBXGroup;
			children = (
				42110C2D25B46D9700AE5AEA /* WebService.swift */,
			);
			path = Services;
			sourceTree = "<group>";
		};
		4233D8A225B15AD40060FCCF = {
			isa = PBXGroup;
			children = (
				4233D8AD25B15AD40060FCCF /* HotCoffee */,
				4233D8AC25B15AD40060FCCF /* Products */,
			);
			sourceTree = "<group>";
		};
		4233D8AC25B15AD40060FCCF /* Products */ = {
			isa = PBXGroup;
			children = (
				4233D8AB25B15AD40060FCCF /* HotCoffee.app */,
			);
			name = Products;
			sourceTree = "<group>";
		};
		4233D8AD25B15AD40060FCCF /* HotCoffee */ = {
			isa = PBXGroup;
			children = (
				42110C2C25B46D7C00AE5AEA /* Services */,
				4233D8C425B15AFC0060FCCF /* Controllers */,
				4233D8AE25B15AD40060FCCF /* AppDelegate.swift */,
				4233D8B025B15AD40060FCCF /* SceneDelegate.swift */,
				4233D8B425B15AD40060FCCF /* Main.storyboard */,
				4233D8B725B15AD90060FCCF /* Assets.xcassets */,
				4233D8B925B15AD90060FCCF /* LaunchScreen.storyboard */,
				4233D8BC25B15AD90060FCCF /* Info.plist */,
			);
			path = HotCoffee;
			sourceTree = "<group>";
		};
		4233D8C425B15AFC0060FCCF /* Controllers */ = {
			isa = PBXGroup;
			children = (
				4233D8C725B15C690060FCCF /* OrdersTableViewController.swift */,
				4233D8CA25B15C9E0060FCCF /* AddOrderViewController.swift */,
			);
			path = Controllers;
			sourceTree = "<group>";
		};
/* End PBXGroup section */

/* Begin PBXNativeTarget section */
		4233D8AA25B15AD40060FCCF /* HotCoffee */ = {
			isa = PBXNativeTarget;
			buildConfigurationList = 4233D8BF25B15AD90060FCCF /* Build configuration list for PBXNativeTarget "HotCoffee" */;
			buildPhases = (
				4233D8A725B15AD40060FCCF /* Sources */,
				4233D8A825B15AD40060FCCF /* Frameworks */,
				4233D8A925B15AD40060FCCF /* Resources */,
			);
			buildRules = (
			);
			dependencies = (
			);
			name = HotCoffee;
			productName = HotCoffee;
			productReference = 4233D8AB25B15AD40060FCCF /* HotCoffee.app */;
			productType = "com.apple.product-type.application";
		};
/* End PBXNativeTarget section */

/* Begin PBXProject section */
		4233D8A325B15AD40060FCCF /* Project object */ = {
			isa = PBXProject;
			attributes = {
				LastSwiftUpdateCheck = 1230;
				LastUpgradeCheck = 1230;
				TargetAttributes = {
					4233D8AA25B15AD40060FCCF = {
						CreatedOnToolsVersion = 12.3;
					};
				};
			};
			buildConfigurationList = 4233D8A625B15AD40060FCCF /* Build configuration list for PBXProject "HotCoffee" */;
			compatibilityVersion = "Xcode 9.3";
			developmentRegion = en;
			hasScannedForEncodings = 0;
			knownRegions = (
				en,
				Base,
			);
			mainGroup = 4233D8A225B15AD40060FCCF;
			productRefGroup = 4233D8AC25B15AD40060FCCF /* Products */;
			projectDirPath = "";
			projectRoot = "";
			targets = (
				4233D8AA25B15AD40060FCCF /* HotCoffee */,
			);
		};
/* End PBXProject section */

/* Begin PBXResourcesBuildPhase section */
		4233D8A925B15AD40060FCCF /* Resources */ = {
			isa = PBXResourcesBuildPhase;
			buildActionMask = 2147483647;
			files = (
				4233D8BB25B15AD90060FCCF /* LaunchScreen.storyboard in Resources */,
				4233D8B825B15AD90060FCCF /* Assets.xcassets in Resources */,
				4233D8B625B15AD40060FCCF /* Main.storyboard in Resources */,
			);
			runOnlyForDeploymentPostprocessing = 0;
		};
/* End PBXResourcesBuildPhase section */

/* Begin PBXSourcesBuildPhase section */
		4233D8A725B15AD40060FCCF /* Sources */ = {
			isa = PBXSourcesBuildPhase;
			buildActionMask = 2147483647;
			files = (
				4233D8AF25B15AD40060FCCF /* AppDelegate.swift in Sources */,
				4233D8B125B15AD40060FCCF /* SceneDelegate.swift in Sources */,
				4233D8C825B15C690060FCCF /* OrdersTableViewController.swift in Sources */,
				42110C2E25B46D9700AE5AEA /* WebService.swift in Sources */,
				4233D8CB25B15C9E0060FCCF /* AddOrderViewController.swift in Sources */,
			);
			runOnlyForDeploymentPostprocessing = 0;
		};
/* End PBXSourcesBuildPhase section */

/* Begin PBXVariantGroup section */
		4233D8B425B15AD40060FCCF /* Main.storyboard */ = {
			isa = PBXVariantGroup;
			children = (
				4233D8B525B15AD40060FCCF /* Base */,
			);
			name = Main.storyboard;
			sourceTree = "<group>";
		};
		4233D8B925B15AD90060FCCF /* LaunchScreen.storyboard */ = {
			isa = PBXVariantGroup;
			children = (
				4233D8BA25B15AD90060FCCF /* Base */,
			);
			name = LaunchScreen.storyboard;
			sourceTree = "<group>";
		};
/* End PBXVariantGroup section */

/* Begin XCBuildConfiguration section */
		4233D8BD25B15AD90060FCCF /* Debug */ = {
			isa = XCBuildConfiguration;
			buildSettings = {
				ALWAYS_SEARCH_USER_PATHS = NO;
				CLANG_ANALYZER_NONNULL = YES;
				CLANG_ANALYZER_NUMBER_OBJECT_CONVERSION = YES_AGGRESSIVE;
				CLANG_CXX_LANGUAGE_STANDARD = "gnu++14";
				CLANG_CXX_LIBRARY = "libc++";
				CLANG_ENABLE_MODULES = YES;
				CLANG_ENABLE_OBJC_ARC = YES;
				CLANG_ENABLE_OBJC_WEAK = YES;
				CLANG_WARN_BLOCK_CAPTURE_AUTORELEASING = YES;
				CLANG_WARN_BOOL_CONVERSION = YES;
				CLANG_WARN_COMMA = YES;
				CLANG_WARN_CONSTANT_CONVERSION = YES;
				CLANG_WARN_DEPRECATED_OBJC_IMPLEMENTATIONS = YES;
				CLANG_WARN_DIRECT_OBJC_ISA_USAGE = YES_ERROR;
				CLANG_WARN_DOCUMENTATION_COMMENTS = YES;
				CLANG_WARN_EMPTY_BODY = YES;
				CLANG_WARN_ENUM_CONVERSION = YES;
				CLANG_WARN_INFINITE_RECURSION = YES;
				CLANG_WARN_INT_CONVERSION = YES;
				CLANG_WARN_NON_LITERAL_NULL_CONVERSION = YES;
				CLANG_WARN_OBJC_IMPLICIT_RETAIN_SELF = YES;
				CLANG_WARN_OBJC_LITERAL_CONVERSION = YES;
				CLANG_WARN_OBJC_ROOT_CLASS = YES_ERROR;
				CLANG_WARN_QUOTED_INCLUDE_IN_FRAMEWORK_HEADER = YES;
				CLANG_WARN_RANGE_LOOP_ANALYSIS = YES;
				CLANG_WARN_STRICT_PROTOTYPES = YES;
				CLANG_WARN_SUSPICIOUS_MOVE = YES;
				CLANG_WARN_UNGUARDED_AVAILABILITY = YES_AGGRESSIVE;
				CLANG_WARN_UNREACHABLE_CODE = YES;
				CLANG_WARN__DUPLICATE_METHOD_MATCH = YES;
				COPY_PHASE_STRIP = NO;
				DEBUG_INFORMATION_FORMAT = dwarf;
				ENABLE_STRICT_OBJC_MSGSEND = YES;
				ENABLE_TESTABILITY = YES;
				GCC_C_LANGUAGE_STANDARD = gnu11;
				GCC_DYNAMIC_NO_PIC = NO;
				GCC_NO_COMMON_BLOCKS = YES;
				GCC_OPTIMIZATION_LEVEL = 0;
				GCC_PREPROCESSOR_DEFINITIONS = (
					"DEBUG=1",
					"$(inherited)",
				);
				GCC_WARN_64_TO_32_BIT_CONVERSION = YES;
				GCC_WARN_ABOUT_RETURN_TYPE = YES_ERROR;
				GCC_WARN_UNDECLARED_SELECTOR = YES;
				GCC_WARN_UNINITIALIZED_AUTOS = YES_AGGRESSIVE;
				GCC_WARN_UNUSED_FUNCTION = YES;
				GCC_WARN_UNUSED_VARIABLE = YES;
				IPHONEOS_DEPLOYMENT_TARGET = 14.1;
				MTL_ENABLE_DEBUG_INFO = INCLUDE_SOURCE;
				MTL_FAST_MATH = YES;
				ONLY_ACTIVE_ARCH = YES;
				SDKROOT = iphoneos;
				SWIFT_ACTIVE_COMPILATION_CONDITIONS = DEBUG;
				SWIFT_OPTIMIZATION_LEVEL = "-Onone";
			};
			name = Debug;
		};
		4233D8BE25B15AD90060FCCF /* Release */ = {
			isa = XCBuildConfiguration;
			buildSettings = {
				ALWAYS_SEARCH_USER_PATHS = NO;
				CLANG_ANALYZER_NONNULL = YES;
				CLANG_ANALYZER_NUMBER_OBJECT_CONVERSION = YES_AGGRESSIVE;
				CLANG_CXX_LANGUAGE_STANDARD = "gnu++14";
				CLANG_CXX_LIBRARY = "libc++";
				CLANG_ENABLE_MODULES = YES;
				CLANG_ENABLE_OBJC_ARC = YES;
				CLANG_ENABLE_OBJC_WEAK = YES;
				CLANG_WARN_BLOCK_CAPTURE_AUTORELEASING = YES;
				CLANG_WARN_BOOL_CONVERSION = YES;
				CLANG_WARN_COMMA = YES;
				CLANG_WARN_CONSTANT_CONVERSION = YES;
				CLANG_WARN_DEPRECATED_OBJC_IMPLEMENTATIONS = YES;
				CLANG_WARN_DIRECT_OBJC_ISA_USAGE = YES_ERROR;
				CLANG_WARN_DOCUMENTATION_COMMENTS = YES;
				CLANG_WARN_EMPTY_BODY = YES;
				CLANG_WARN_ENUM_CONVERSION = YES;
				CLANG_WARN_INFINITE_RECURSION = YES;
				CLANG_WARN_INT_CONVERSION = YES;
				CLANG_WARN_NON_LITERAL_NULL_CONVERSION = YES;
				CLANG_WARN_OBJC_IMPLICIT_RETAIN_SELF = YES;
				CLANG_WARN_OBJC_LITERAL_CONVERSION = YES;
				CLANG_WARN_OBJC_ROOT_CLASS = YES_ERROR;
				CLANG_WARN_QUOTED_INCLUDE_IN_FRAMEWORK_HEADER = YES;
				CLANG_WARN_RANGE_LOOP_ANALYSIS = YES;
				CLANG_WARN_STRICT_PROTOTYPES = YES;
				CLANG_WARN_SUSPICIOUS_MOVE = YES;
				CLANG_WARN_UNGUARDED_AVAILABILITY = YES_AGGRESSIVE;
				CLANG_WARN_UNREACHABLE_CODE = YES;
				CLANG_WARN__DUPLICATE_METHOD_MATCH = YES;
				COPY_PHASE_STRIP = NO;
				DEBUG_INFORMATION_FORMAT = "dwarf-with-dsym";
				ENABLE_NS_ASSERTIONS = NO;
				ENABLE_STRICT_OBJC_MSGSEND = YES;
				GCC_C_LANGUAGE_STANDARD = gnu11;
				GCC_NO_COMMON_BLOCKS = YES;
				GCC_WARN_64_TO_32_BIT_CONVERSION = YES;
				GCC_WARN_ABOUT_RETURN_TYPE = YES_ERROR;
				GCC_WARN_UNDECLARED_SELECTOR = YES;
				GCC_WARN_UNINITIALIZED_AUTOS = YES_AGGRESSIVE;
				GCC_WARN_UNUSED_FUNCTION = YES;
				GCC_WARN_UNUSED_VARIABLE = YES;
				IPHONEOS_DEPLOYMENT_TARGET = 14.1;
				MTL_ENABLE_DEBUG_INFO = NO;
				MTL_FAST_MATH = YES;
				SDKROOT = iphoneos;
				SWIFT_COMPILATION_MODE = wholemodule;
				SWIFT_OPTIMIZATION_LEVEL = "-O";
				VALIDATE_PRODUCT = YES;
			};
			name = Release;
		};
		4233D8C025B15AD90060FCCF /* Debug */ = {
			isa = XCBuildConfiguration;
			buildSettings = {
				ASSETCATALOG_COMPILER_APPICON_NAME = AppIcon;
				ASSETCATALOG_COMPILER_GLOBAL_ACCENT_COLOR_NAME = AccentColor;
				CODE_SIGN_STYLE = Automatic;
				INFOPLIST_FILE = HotCoffee/Info.plist;
				LD_RUNPATH_SEARCH_PATHS = (
					"$(inherited)",
					"@executable_path/Frameworks",
				);
				PRODUCT_BUNDLE_IDENTIFIER = com.eonsubae.HotCoffee;
				PRODUCT_NAME = "$(TARGET_NAME)";
				SWIFT_VERSION = 5.0;
				TARGETED_DEVICE_FAMILY = "1,2";
			};
			name = Debug;
		};
		4233D8C125B15AD90060FCCF /* Release */ = {
			isa = XCBuildConfiguration;
			buildSettings = {
				ASSETCATALOG_COMPILER_APPICON_NAME = AppIcon;
				ASSETCATALOG_COMPILER_GLOBAL_ACCENT_COLOR_NAME = AccentColor;
				CODE_SIGN_STYLE = Automatic;
				INFOPLIST_FILE = HotCoffee/Info.plist;
				LD_RUNPATH_SEARCH_PATHS = (
					"$(inherited)",
					"@executable_path/Frameworks",
				);
				PRODUCT_BUNDLE_IDENTIFIER = com.eonsubae.HotCoffee;
				PRODUCT_NAME = "$(TARGET_NAME)";
				SWIFT_VERSION = 5.0;
				TARGETED_DEVICE_FAMILY = "1,2";
			};
			name = Release;
		};
/* End XCBuildConfiguration section */

/* Begin XCConfigurationList section */
		4233D8A625B15AD40060FCCF /* Build configuration list for PBXProject "HotCoffee" */ = {
			isa = XCConfigurationList;
			buildConfigurations = (
				4233D8BD25B15AD90060FCCF /* Debug */,
				4233D8BE25B15AD90060FCCF /* Release */,
			);
			defaultConfigurationIsVisible = 0;
			defaultConfigurationName = Release;
		};
		4233D8BF25B15AD90060FCCF /* Build configuration list for PBXNativeTarget "HotCoffee" */ = {
			isa = XCConfigurationList;
			buildConfigurations = (
				4233D8C025B15AD90060FCCF /* Debug */,
				4233D8C125B15AD90060FCCF /* Release */,
			);
			defaultConfigurationIsVisible = 0;
			defaultConfigurationName = Release;
		};
/* End XCConfigurationList section */
	};
	rootObject = 4233D8A325B15AD40060FCCF /* Project object */;
}
